
Microsoft Visual Studio Solution File, Format Version 12.00
# Visual Studio 15
VisualStudioVersion = 15.0.28307.489
MinimumVisualStudioVersion = 10.0.40219.1
Project("{888888A0-9F3D-457C-B088-3A5042F75D52}") = "JSON1", "JSON1\JSON1.pyproj", "{DBDCF238-6882-4004-9A87-73FC6A92CA8E}"
EndProject
Global
	GlobalSection(SolutionConfigurationPlatforms) = preSolution
		Debug|Any CPU = Debug|Any CPU
		Release|Any CPU = Release|Any CPU
	EndGlobalSection
	GlobalSection(ProjectConfigurationPlatforms) = postSolution
		{DBDCF238-6882-4004-9A87-73FC6A92CA8E}.Debug|Any CPU.ActiveCfg = Debug|Any CPU
		{DBDCF238-6882-4004-9A87-73FC6A92CA8E}.Release|Any CPU.ActiveCfg = Release|Any CPU
	EndGlobalSection
	GlobalSection(SolutionProperties) = preSolution
		HideSolutionNode = FALSE
	EndGlobalSection
	GlobalSection(ExtensibilityGlobals) = postSolution
		SolutionGuid = {2AC97AFB-6510-40E0-AB8C-33B0114AC4B8}
	EndGlobalSection
EndGlobal
